
Microsoft Visual Studio Solution File, Format Version 12.00
# Visual Studio Version 16
VisualStudioVersion = 16.0.30611.23
MinimumVisualStudioVersion = 10.0.40219.1
Project("{9A19103F-16F7-4668-BE54-9A1E7A4F7556}") = "URL-Shorter", "URL-Shortener\URL-Shorter.csproj", "{55743B2D-CE4F-49BB-9243-6212A116ACD8}"
EndProject
Global
	GlobalSection(SolutionConfigurationPlatforms) = preSolution
		Debug|Any CPU = Debug|Any CPU
		Release|Any CPU = Release|Any CPU
	EndGlobalSection
	GlobalSection(ProjectConfigurationPlatforms) = postSolution
		{55743B2D-CE4F-49BB-9243-6212A116ACD8}.Debug|Any CPU.ActiveCfg = Debug|Any CPU
		{55743B2D-CE4F-49BB-9243-6212A116ACD8}.Debug|Any CPU.Build.0 = Debug|Any CPU
		{55743B2D-CE4F-49BB-9243-6212A116ACD8}.Release|Any CPU.ActiveCfg = Release|Any CPU
		{55743B2D-CE4F-49BB-9243-6212A116ACD8}.Release|Any CPU.Build.0 = Release|Any CPU
	EndGlobalSection
	GlobalSection(SolutionProperties) = preSolution
		HideSolutionNode = FALSE
	EndGlobalSection
	GlobalSection(ExtensibilityGlobals) = postSolution
		SolutionGuid = {2ABC7B00-2AD9-490A-8850-FD46B2D2D8A3}
	EndGlobalSection
EndGlobal
